
Microsoft Visual Studio Solution File, Format Version 12.00
# Visual Studio Version 17
VisualStudioVersion = 17.0.31903.59
MinimumVisualStudioVersion = 10.0.40219.1
Project("{FAE04EC0-301F-11D3-BF4B-00C04F79EFBC}") = "option", "option\option.csproj", "{6B9A4085-036B-488E-82B3-B2BD87C61660}"
EndProject
Project("{FAE04EC0-301F-11D3-BF4B-00C04F79EFBC}") = "tests", "tests\tests.csproj", "{43591122-2C88-4D33-B5DD-CE2CCDCF3D09}"
EndProject
Global
	GlobalSection(SolutionConfigurationPlatforms) = preSolution
		Debug|Any CPU = Debug|Any CPU
		Release|Any CPU = Release|Any CPU
	EndGlobalSection
	GlobalSection(SolutionProperties) = preSolution
		HideSolutionNode = FALSE
	EndGlobalSection
	GlobalSection(ProjectConfigurationPlatforms) = postSolution
		{6B9A4085-036B-488E-82B3-B2BD87C61660}.Debug|Any CPU.ActiveCfg = Debug|Any CPU
		{6B9A4085-036B-488E-82B3-B2BD87C61660}.Debug|Any CPU.Build.0 = Debug|Any CPU
		{6B9A4085-036B-488E-82B3-B2BD87C61660}.Release|Any CPU.ActiveCfg = Release|Any CPU
		{6B9A4085-036B-488E-82B3-B2BD87C61660}.Release|Any CPU.Build.0 = Release|Any CPU
		{43591122-2C88-4D33-B5DD-CE2CCDCF3D09}.Debug|Any CPU.ActiveCfg = Debug|Any CPU
		{43591122-2C88-4D33-B5DD-CE2CCDCF3D09}.Debug|Any CPU.Build.0 = Debug|Any CPU
		{43591122-2C88-4D33-B5DD-CE2CCDCF3D09}.Release|Any CPU.ActiveCfg = Release|Any CPU
		{43591122-2C88-4D33-B5DD-CE2CCDCF3D09}.Release|Any CPU.Build.0 = Release|Any CPU
	EndGlobalSection
EndGlobal
